
Microsoft Visual Studio Solution File, Format Version 12.00
Project("{FAE04EC0-301F-11D3-BF4B-00C04F79EFBC}") = "TeslaCam", "TeslaCam\TeslaCam.csproj", "{2C10D078-6773-4BD4-8019-5F8263D083A0}"
EndProject
Project("{FAE04EC0-301F-11D3-BF4B-00C04F79EFBC}") = "TeslaApi", "TeslaApi\TeslaApi.csproj", "{B40E5FC7-F874-4895-9CBA-5B4ADE423D6C}"
EndProject
Project("{FAE04EC0-301F-11D3-BF4B-00C04F79EFBC}") = "TeslaCam.Uploaders.AzureBlobStorage", "TeslaCam.Uploaders.AzureBlobStorage\TeslaCam.Uploaders.AzureBlobStorage.csproj", "{BC8B026F-45AE-4201-BEFE-519904259C19}"
EndProject
Project("{FAE04EC0-301F-11D3-BF4B-00C04F79EFBC}") = "TeslaCam.Contracts", "TeslaCam.Contracts\TeslaCam.Contracts.csproj", "{05C5897E-0C68-42D0-9BB4-A459CE74D14C}"
EndProject
Project("{FAE04EC0-301F-11D3-BF4B-00C04F79EFBC}") = "TeslaCam.Model", "TeslaCam.Model\TeslaCam.Model.csproj", "{7441BCC4-E3D1-4694-8846-1A57369887C0}"
EndProject
Project("{2150E333-8FDC-42A3-9474-1A3956D46DE8}") = "Uploaders", "Uploaders", "{A84B68D3-960E-4F73-BA0D-E09422560ED7}"
EndProject
Global
	GlobalSection(SolutionConfigurationPlatforms) = preSolution
		Debug|Any CPU = Debug|Any CPU
		Release|Any CPU = Release|Any CPU
	EndGlobalSection
	GlobalSection(ProjectConfigurationPlatforms) = postSolution
		{2C10D078-6773-4BD4-8019-5F8263D083A0}.Debug|Any CPU.ActiveCfg = Debug|Any CPU
		{2C10D078-6773-4BD4-8019-5F8263D083A0}.Debug|Any CPU.Build.0 = Debug|Any CPU
		{2C10D078-6773-4BD4-8019-5F8263D083A0}.Release|Any CPU.ActiveCfg = Release|Any CPU
		{2C10D078-6773-4BD4-8019-5F8263D083A0}.Release|Any CPU.Build.0 = Release|Any CPU
		{B40E5FC7-F874-4895-9CBA-5B4ADE423D6C}.Debug|Any CPU.ActiveCfg = Debug|Any CPU
		{B40E5FC7-F874-4895-9CBA-5B4ADE423D6C}.Debug|Any CPU.Build.0 = Debug|Any CPU
		{B40E5FC7-F874-4895-9CBA-5B4ADE423D6C}.Release|Any CPU.ActiveCfg = Release|Any CPU
		{B40E5FC7-F874-4895-9CBA-5B4ADE423D6C}.Release|Any CPU.Build.0 = Release|Any CPU
		{BC8B026F-45AE-4201-BEFE-519904259C19}.Debug|Any CPU.ActiveCfg = Debug|Any CPU
		{BC8B026F-45AE-4201-BEFE-519904259C19}.Debug|Any CPU.Build.0 = Debug|Any CPU
		{BC8B026F-45AE-4201-BEFE-519904259C19}.Release|Any CPU.ActiveCfg = Release|Any CPU
		{BC8B026F-45AE-4201-BEFE-519904259C19}.Release|Any CPU.Build.0 = Release|Any CPU
		{05C5897E-0C68-42D0-9BB4-A459CE74D14C}.Debug|Any CPU.ActiveCfg = Debug|Any CPU
		{05C5897E-0C68-42D0-9BB4-A459CE74D14C}.Debug|Any CPU.Build.0 = Debug|Any CPU
		{05C5897E-0C68-42D0-9BB4-A459CE74D14C}.Release|Any CPU.ActiveCfg = Release|Any CPU
		{05C5897E-0C68-42D0-9BB4-A459CE74D14C}.Release|Any CPU.Build.0 = Release|Any CPU
		{7441BCC4-E3D1-4694-8846-1A57369887C0}.Debug|Any CPU.ActiveCfg = Debug|Any CPU
		{7441BCC4-E3D1-4694-8846-1A57369887C0}.Debug|Any CPU.Build.0 = Debug|Any CPU
		{7441BCC4-E3D1-4694-8846-1A57369887C0}.Release|Any CPU.ActiveCfg = Release|Any CPU
		{7441BCC4-E3D1-4694-8846-1A57369887C0}.Release|Any CPU.Build.0 = Release|Any CPU
	EndGlobalSection
	GlobalSection(NestedProjects) = preSolution
		{BC8B026F-45AE-4201-BEFE-519904259C19} = {A84B68D3-960E-4F73-BA0D-E09422560ED7}
	EndGlobalSection
EndGlobal
