
Microsoft Visual Studio Solution File, Format Version 12.00
Project("{FAE04EC0-301F-11D3-BF4B-00C04F79EFBC}") = "TeslaCam", "TeslaCam\TeslaCam.csproj", "{2C10D078-6773-4BD4-8019-5F8263D083A0}"
EndProject
Project("{FAE04EC0-301F-11D3-BF4B-00C04F79EFBC}") = "TeslaApi", "TeslaApi\TeslaApi.csproj", "{B40E5FC7-F874-4895-9CBA-5B4ADE423D6C}"
EndProject
Global
	GlobalSection(SolutionConfigurationPlatforms) = preSolution
		Debug|Any CPU = Debug|Any CPU
		Release|Any CPU = Release|Any CPU
	EndGlobalSection
	GlobalSection(ProjectConfigurationPlatforms) = postSolution
		{2C10D078-6773-4BD4-8019-5F8263D083A0}.Debug|Any CPU.ActiveCfg = Debug|Any CPU
		{2C10D078-6773-4BD4-8019-5F8263D083A0}.Debug|Any CPU.Build.0 = Debug|Any CPU
		{2C10D078-6773-4BD4-8019-5F8263D083A0}.Release|Any CPU.ActiveCfg = Release|Any CPU
		{2C10D078-6773-4BD4-8019-5F8263D083A0}.Release|Any CPU.Build.0 = Release|Any CPU
		{B40E5FC7-F874-4895-9CBA-5B4ADE423D6C}.Debug|Any CPU.ActiveCfg = Debug|Any CPU
		{B40E5FC7-F874-4895-9CBA-5B4ADE423D6C}.Debug|Any CPU.Build.0 = Debug|Any CPU
		{B40E5FC7-F874-4895-9CBA-5B4ADE423D6C}.Release|Any CPU.ActiveCfg = Release|Any CPU
		{B40E5FC7-F874-4895-9CBA-5B4ADE423D6C}.Release|Any CPU.Build.0 = Release|Any CPU
	EndGlobalSection
EndGlobal
